# @generated - this file is auto-generated by `mise lock` https://mise.jdx.dev/dev-tools/mise-lock.html

[[tools.actionlint]]
version = "1.7.12"
backend = "aqua:rhysd/actionlint"

[tools.actionlint."platforms.linux-x64"]
checksum = "sha256:8aca8db96f1b94770f1b0d72b6dddcb1ebb8123cb3712530b08cc387b349a3d8"
url = "https://github.com/rhysd/actionlint/releases/download/v1.7.12/actionlint_1.7.12_linux_amd64.tar.gz"
url_api = "https://api.github.com/repos/rhysd/actionlint/releases/assets/384924896"
provenance = "github-attestations"

[tools.actionlint."platforms.macos-arm64"]
checksum = "sha256:aba9ced2dee8d27fecca3dc7feb1a7f9a52caefa1eb46f3271ea66b6e0e6953f"
url = "https://github.com/rhysd/actionlint/releases/download/v1.7.12/actionlint_1.7.12_darwin_arm64.tar.gz"
url_api = "https://api.github.com/repos/rhysd/actionlint/releases/assets/384924893"
provenance = "github-attestations"

[[tools.biome]]
version = "2.5.7"
backend = "aqua:biomejs/biome"

[tools.biome."platforms.linux-x64"]
checksum = "sha256:7b5045d6d34f055df8ffe1bf3077164e6f6a24c45a41497d628a5e86d0e12fe7"
url = "https://github.com/biomejs/biome/releases/download/%40biomejs/biome%402.5.7/biome-linux-x64"
url_api = "https://api.github.com/repos/biomejs/biome/releases/assets/501376676"
provenance = "github-attestations"

[tools.biome."platforms.macos-arm64"]
checksum = "sha256:f71fe80909d2f70f1e051320f5ba9dfd553bc5ef3bacef5cdee1b00ee96a285c"
url = "https://github.com/biomejs/biome/releases/download/%40biomejs/biome%402.5.7/biome-darwin-arm64"
url_api = "https://api.github.com/repos/biomejs/biome/releases/assets/501376674"
provenance = "github-attestations"

[[tools."github:huacnlee/autocorrect"]]
version = "2.16.3"
backend = "github:huacnlee/autocorrect"

[tools."github:huacnlee/autocorrect"."platforms.linux-x64"]
checksum = "sha256:9bef6fef5f30d6cfa2e5399ffc990672621ee8ea699d4feea75830264ed7a32e"
url = "https://github.com/huacnlee/autocorrect/releases/download/v2.16.3/autocorrect-linux-amd64.tar.gz"
url_api = "https://api.github.com/repos/huacnlee/autocorrect/releases/assets/335756983"

[tools."github:huacnlee/autocorrect"."platforms.macos-arm64"]
checksum = "sha256:a911efe0640a78c4d95779a81d4f57b4b745c3e77052c9f147b906d4a9b6dcaa"
url = "https://github.com/huacnlee/autocorrect/releases/download/v2.16.3/autocorrect-darwin-arm64.tar.gz"
url_api = "https://api.github.com/repos/huacnlee/autocorrect/releases/assets/335756985"

[[tools.gum]]
version = "0.17.0"
backend = "aqua:charmbracelet/gum"

[tools.gum."platforms.linux-x64"]
checksum = "sha256:69ee169bd6387331928864e94d47ed01ef649fbfe875baed1bbf27b5377a6fdb"
url = "https://github.com/charmbracelet/gum/releases/download/v0.17.0/gum_0.17.0_Linux_x86_64.tar.gz"
url_api = "https://api.github.com/repos/charmbracelet/gum/releases/assets/290080949"

[tools.gum."platforms.macos-arm64"]
checksum = "sha256:e2a4b8596efa05821d8c58d0c1afbcd7ad1699ba69c689cc3ff23a4a99c8b237"
url = "https://github.com/charmbracelet/gum/releases/download/v0.17.0/gum_0.17.0_Darwin_arm64.tar.gz"
url_api = "https://api.github.com/repos/charmbracelet/gum/releases/assets/290080948"

[[tools.jq]]
version = "1.8.2"
backend = "aqua:jqlang/jq"

[tools.jq."platforms.linux-x64"]
checksum = "sha256:b1c22172dd303f3be49e935aa56aa48a8b7a46e0bc838b4997d3bb451495870f"
url = "https://github.com/jqlang/jq/releases/download/jq-1.8.2/jq-linux-amd64"
url_api = "https://api.github.com/repos/jqlang/jq/releases/assets/453012752"
provenance = "github-attestations"

[tools.jq."platforms.macos-arm64"]
checksum = "sha256:2d75340ba57a4b4b4c8708a21c2dc8e958a48aaa8bba13b27f77f6e4c0eca07e"
url = "https://github.com/jqlang/jq/releases/download/jq-1.8.2/jq-macos-arm64"
url_api = "https://api.github.com/repos/jqlang/jq/releases/assets/453012783"
provenance = "github-attestations"

[[tools.ls-lint]]
version = "2.3.1"
backend = "aqua:loeffel-io/ls-lint"

[tools.ls-lint."platforms.linux-x64"]
checksum = "sha256:b5a0d2e4427ad039fbc574551f17679f38f142b25d15e0e538769f8cf15af397"
url = "https://github.com/loeffel-io/ls-lint/releases/download/v2.3.1/ls-lint-linux-amd64"
url_api = "https://api.github.com/repos/loeffel-io/ls-lint/releases/assets/260857547"

[tools.ls-lint."platforms.macos-arm64"]
checksum = "sha256:e4ed2ce2b7b61d6685769e34c6375ccecb14a3f00ee59438cf82d01d6236a3c4"
url = "https://github.com/loeffel-io/ls-lint/releases/download/v2.3.1/ls-lint-darwin-arm64"
url_api = "https://api.github.com/repos/loeffel-io/ls-lint/releases/assets/260857541"

[[tools.markdownlint-cli2]]
version = "0.23.2"
backend = "npm:markdownlint-cli2"

[[tools.prek]]
version = "0.4.13"
backend = "aqua:j178/prek"

[tools.prek."platforms.linux-x64"]
checksum = "sha256:db31d0c5be937602002ab21e70ebf07c6566cc4428c9095f04fa546e12e7ccb0"
url = "https://github.com/j178/prek/releases/download/v0.4.13/prek-x86_64-unknown-linux-gnu.tar.gz"
url_api = "https://api.github.com/repos/j178/prek/releases/assets/508529827"
provenance = "github-attestations"

[tools.prek."platforms.macos-arm64"]
checksum = "sha256:776da7aa143b3cb11125f9c6f44ab5af157c176c992b7bfbafc1b155a44ac769"
url = "https://github.com/j178/prek/releases/download/v0.4.13/prek-aarch64-apple-darwin.tar.gz"
url_api = "https://api.github.com/repos/j178/prek/releases/assets/508529745"
provenance = "github-attestations"

[[tools.python]]
version = "3.14.7"
backend = "core:python"

[tools.python."platforms.linux-x64"]
checksum = "sha256:a3a4e4b81b138960c7c546694df8a77578c0b6aa46d47e96f49b9e10e8f860c9"
url = "https://github.com/astral-sh/python-build-standalone/releases/download/20260805/cpython-3.14.7+20260805-x86_64-unknown-linux-gnu-install_only_stripped.tar.gz"
provenance = "github-attestations"

[tools.python."platforms.macos-arm64"]
checksum = "sha256:abbf6e8530a283ed795fa91fd6bcf4501e2b1fa287b2cb1c15b70d3028f3a7c9"
url = "https://github.com/astral-sh/python-build-standalone/releases/download/20260805/cpython-3.14.7+20260805-aarch64-apple-darwin-install_only_stripped.tar.gz"
provenance = "github-attestations"

[[tools.shellcheck]]
version = "0.11.0"
backend = "aqua:koalaman/shellcheck"

[tools.shellcheck."platforms.linux-x64"]
checksum = "sha256:8c3be12b05d5c177a04c29e3c78ce89ac86f1595681cab149b65b97c4e227198"
url = "https://github.com/koalaman/shellcheck/releases/download/v0.11.0/shellcheck-v0.11.0.linux.x86_64.tar.xz"
url_api = "https://api.github.com/repos/koalaman/shellcheck/releases/assets/279056942"

[tools.shellcheck."platforms.macos-arm64"]
checksum = "sha256:56affdd8de5527894dca6dc3d7e0a99a873b0f004d7aabc30ae407d3f48b0a79"
url = "https://github.com/koalaman/shellcheck/releases/download/v0.11.0/shellcheck-v0.11.0.darwin.aarch64.tar.xz"
url_api = "https://api.github.com/repos/koalaman/shellcheck/releases/assets/279056932"

[[tools.skillshare]]
version = "0.20.24"
backend = "aqua:runkids/skillshare"

[tools.skillshare."platforms.linux-x64"]
checksum = "sha256:bed077a4556a4e05e7513409fc65d44c0cfbcb28f427f3adf79944c84b4d3ddc"
url = "https://github.com/runkids/skillshare/releases/download/v0.20.24/skillshare_0.20.24_linux_amd64.tar.gz"
url_api = "https://api.github.com/repos/runkids/skillshare/releases/assets/500093153"

[tools.skillshare."platforms.macos-arm64"]
checksum = "sha256:dfd8d6eeb83b9cae22fc0f479b2fb7e4c356fae5fe2a4404bbba8ef5b4578eb1"
url = "https://github.com/runkids/skillshare/releases/download/v0.20.24/skillshare_0.20.24_darwin_arm64.tar.gz"
url_api = "https://api.github.com/repos/runkids/skillshare/releases/assets/500093163"

[[tools.tombi]]
version = "1.2.6"
backend = "aqua:tombi-toml/tombi"

[tools.tombi."platforms.linux-x64"]
checksum = "sha256:43f8e209818f425d45fca06797eec44b1cf643e8a58c74f29dbdaaaf827052e0"
url = "https://github.com/tombi-toml/tombi/releases/download/v1.2.6/tombi-cli-1.2.6-x86_64-unknown-linux-musl.tar.gz"
url_api = "https://api.github.com/repos/tombi-toml/tombi/releases/assets/499469529"
provenance = "github-attestations"

[tools.tombi."platforms.macos-arm64"]
checksum = "sha256:d746072a5edb7d14b413a80f14892e4d299babf3b9b370faecc29571cbdc2c7c"
url = "https://github.com/tombi-toml/tombi/releases/download/v1.2.6/tombi-cli-1.2.6-aarch64-apple-darwin.tar.gz"
url_api = "https://api.github.com/repos/tombi-toml/tombi/releases/assets/499469512"
provenance = "github-attestations"

[[tools.usage]]
version = "5.0.0"
backend = "aqua:jdx/usage"

[tools.usage."platforms.linux-x64"]
checksum = "sha256:8b2dcd512c64aaeb59401764f2cdcbb3d7b8d8b371c803c44646624777a36f20"
url = "https://github.com/jdx/usage/releases/download/v5.0.0/usage-x86_64-unknown-linux-gnu.tar.gz"
url_api = "https://api.github.com/repos/jdx/usage/releases/assets/501424445"

[tools.usage."platforms.macos-arm64"]
checksum = "sha256:35f1703ed922486387d499265c9d6c0dbc84b8347e565fb31d54ad23fdff712d"
url = "https://github.com/jdx/usage/releases/download/v5.0.0/usage-universal-apple-darwin.tar.gz"
url_api = "https://api.github.com/repos/jdx/usage/releases/assets/501428939"

[[tools.uv]]
version = "0.12.2"
backend = "aqua:astral-sh/uv"

[tools.uv."platforms.linux-x64"]
checksum = "sha256:d66e96b5f1ca3b99806eee283a8125d33a0bd669e6e6d9bc4ab7ffda63c41bf4"
url = "https://github.com/astral-sh/uv/releases/download/0.12.2/uv-x86_64-unknown-linux-gnu.tar.gz"
url_api = "https://api.github.com/repos/astral-sh/uv/releases/assets/502996586"
provenance = "github-attestations"

[tools.uv."platforms.macos-arm64"]
checksum = "sha256:fa909fea3bc06f460db79017030a221fdbc43ec4478f089cb554d8335c090817"
url = "https://github.com/astral-sh/uv/releases/download/0.12.2/uv-aarch64-apple-darwin.tar.gz"
url_api = "https://api.github.com/repos/astral-sh/uv/releases/assets/502996487"
provenance = "github-attestations"
