# @generated - this file is auto-generated by `mise lock` https://mise.jdx.dev/dev-tools/mise-lock.html

[[tools.actionlint]]
version = "1.7.12"
backend = "aqua:rhysd/actionlint"

[tools.actionlint."platforms.linux-x64"]
checksum = "sha256:8aca8db96f1b94770f1b0d72b6dddcb1ebb8123cb3712530b08cc387b349a3d8"
url = "https://github.com/rhysd/actionlint/releases/download/v1.7.12/actionlint_1.7.12_linux_amd64.tar.gz"
url_api = "https://api.github.com/repos/rhysd/actionlint/releases/assets/384924896"
provenance = "github-attestations"

[tools.actionlint."platforms.macos-arm64"]
checksum = "sha256:aba9ced2dee8d27fecca3dc7feb1a7f9a52caefa1eb46f3271ea66b6e0e6953f"
url = "https://github.com/rhysd/actionlint/releases/download/v1.7.12/actionlint_1.7.12_darwin_arm64.tar.gz"
url_api = "https://api.github.com/repos/rhysd/actionlint/releases/assets/384924893"
provenance = "github-attestations"

[[tools.biome]]
version = "2.5.5"
backend = "aqua:biomejs/biome"

[tools.biome."platforms.linux-x64"]
checksum = "sha256:12ecb833102c8bf8ab6ede7ecd5b6e6fc76e8af95b3ef356933a1f5330afc028"
url = "https://github.com/biomejs/biome/releases/download/%40biomejs/biome%402.5.5/biome-linux-x64"
url_api = "https://api.github.com/repos/biomejs/biome/releases/assets/484416085"
provenance = "github-attestations"

[tools.biome."platforms.macos-arm64"]
checksum = "sha256:6072d68d3a4faf74c2802c106654904f2052f85675a3d1632213dd977a4b64bb"
url = "https://github.com/biomejs/biome/releases/download/%40biomejs/biome%402.5.5/biome-darwin-arm64"
url_api = "https://api.github.com/repos/biomejs/biome/releases/assets/484416090"
provenance = "github-attestations"

[[tools."github:huacnlee/autocorrect"]]
version = "2.16.3"
backend = "github:huacnlee/autocorrect"

[tools."github:huacnlee/autocorrect"."platforms.linux-x64"]
checksum = "sha256:9bef6fef5f30d6cfa2e5399ffc990672621ee8ea699d4feea75830264ed7a32e"
url = "https://github.com/huacnlee/autocorrect/releases/download/v2.16.3/autocorrect-linux-amd64.tar.gz"
url_api = "https://api.github.com/repos/huacnlee/autocorrect/releases/assets/335756983"

[tools."github:huacnlee/autocorrect"."platforms.macos-arm64"]
checksum = "sha256:a911efe0640a78c4d95779a81d4f57b4b745c3e77052c9f147b906d4a9b6dcaa"
url = "https://github.com/huacnlee/autocorrect/releases/download/v2.16.3/autocorrect-darwin-arm64.tar.gz"
url_api = "https://api.github.com/repos/huacnlee/autocorrect/releases/assets/335756985"

[[tools."github:runkids/skillshare"]]
version = "0.20.23"
backend = "github:runkids/skillshare"

[tools."github:runkids/skillshare"."platforms.linux-x64"]
checksum = "sha256:25f2df5af3936bb51974568d76980e7f082426e41ec54568e8f458675e0871d3"
url = "https://github.com/runkids/skillshare/releases/download/v0.20.23/skillshare_0.20.23_linux_amd64.tar.gz"
url_api = "https://api.github.com/repos/runkids/skillshare/releases/assets/494345643"

[tools."github:runkids/skillshare"."platforms.macos-arm64"]
checksum = "sha256:19bf580c557ac22da89c1ef27f14c91ad25cdea376f39396645ef85326848d5b"
url = "https://github.com/runkids/skillshare/releases/download/v0.20.23/skillshare_0.20.23_darwin_arm64.tar.gz"
url_api = "https://api.github.com/repos/runkids/skillshare/releases/assets/494345667"

[[tools.gum]]
version = "0.17.0"
backend = "aqua:charmbracelet/gum"

[tools.gum."platforms.linux-x64"]
checksum = "sha256:69ee169bd6387331928864e94d47ed01ef649fbfe875baed1bbf27b5377a6fdb"
url = "https://github.com/charmbracelet/gum/releases/download/v0.17.0/gum_0.17.0_Linux_x86_64.tar.gz"
url_api = "https://api.github.com/repos/charmbracelet/gum/releases/assets/290080949"

[tools.gum."platforms.macos-arm64"]
checksum = "sha256:e2a4b8596efa05821d8c58d0c1afbcd7ad1699ba69c689cc3ff23a4a99c8b237"
url = "https://github.com/charmbracelet/gum/releases/download/v0.17.0/gum_0.17.0_Darwin_arm64.tar.gz"
url_api = "https://api.github.com/repos/charmbracelet/gum/releases/assets/290080948"

[[tools.jq]]
version = "1.8.2"
backend = "aqua:jqlang/jq"

[tools.jq."platforms.linux-x64"]
checksum = "sha256:b1c22172dd303f3be49e935aa56aa48a8b7a46e0bc838b4997d3bb451495870f"
url = "https://github.com/jqlang/jq/releases/download/jq-1.8.2/jq-linux-amd64"
url_api = "https://api.github.com/repos/jqlang/jq/releases/assets/453012752"
provenance = "github-attestations"

[tools.jq."platforms.macos-arm64"]
checksum = "sha256:2d75340ba57a4b4b4c8708a21c2dc8e958a48aaa8bba13b27f77f6e4c0eca07e"
url = "https://github.com/jqlang/jq/releases/download/jq-1.8.2/jq-macos-arm64"
url_api = "https://api.github.com/repos/jqlang/jq/releases/assets/453012783"
provenance = "github-attestations"

[[tools.ls-lint]]
version = "2.3.1"
backend = "aqua:loeffel-io/ls-lint"

[tools.ls-lint."platforms.linux-x64"]
checksum = "sha256:b5a0d2e4427ad039fbc574551f17679f38f142b25d15e0e538769f8cf15af397"
url = "https://github.com/loeffel-io/ls-lint/releases/download/v2.3.1/ls-lint-linux-amd64"
url_api = "https://api.github.com/repos/loeffel-io/ls-lint/releases/assets/260857547"

[tools.ls-lint."platforms.macos-arm64"]
checksum = "sha256:e4ed2ce2b7b61d6685769e34c6375ccecb14a3f00ee59438cf82d01d6236a3c4"
url = "https://github.com/loeffel-io/ls-lint/releases/download/v2.3.1/ls-lint-darwin-arm64"
url_api = "https://api.github.com/repos/loeffel-io/ls-lint/releases/assets/260857541"

[[tools.markdownlint-cli2]]
version = "0.23.2"
backend = "npm:markdownlint-cli2"

[[tools.prek]]
version = "0.4.11"
backend = "aqua:j178/prek"

[tools.prek."platforms.linux-x64"]
checksum = "sha256:fadf7f14fb570cb38051e8651cfe3b3b11ea499207a245c2aff09585cccb776a"
url = "https://github.com/j178/prek/releases/download/v0.4.11/prek-x86_64-unknown-linux-musl.tar.gz"
url_api = "https://api.github.com/repos/j178/prek/releases/assets/488626498"
provenance = "github-attestations"

[tools.prek."platforms.macos-arm64"]
checksum = "sha256:92f8133ba6ff1c16066d9af521f7a72db6235becc845021363238fa8539c1132"
url = "https://github.com/j178/prek/releases/download/v0.4.11/prek-aarch64-apple-darwin.tar.gz"
url_api = "https://api.github.com/repos/j178/prek/releases/assets/488626436"
provenance = "github-attestations"

[[tools.python]]
version = "3.14.6"
backend = "core:python"

[tools.python."platforms.linux-x64"]
checksum = "sha256:86bf107f65fc30b56f2b263b26797fcbb1661f5315910cdbf27f733eb8738b74"
url = "https://github.com/astral-sh/python-build-standalone/releases/download/20260718/cpython-3.14.6+20260718-x86_64-unknown-linux-gnu-install_only_stripped.tar.gz"
provenance = "github-attestations"

[tools.python."platforms.macos-arm64"]
checksum = "sha256:5e8e0746cb0108d138f510cfbb28c4b031b9ed63bbbe3e43a34c77d4663c4fa1"
url = "https://github.com/astral-sh/python-build-standalone/releases/download/20260718/cpython-3.14.6+20260718-aarch64-apple-darwin-install_only_stripped.tar.gz"
provenance = "github-attestations"

[[tools.shellcheck]]
version = "0.11.0"
backend = "aqua:koalaman/shellcheck"

[tools.shellcheck."platforms.linux-x64"]
checksum = "sha256:8c3be12b05d5c177a04c29e3c78ce89ac86f1595681cab149b65b97c4e227198"
url = "https://github.com/koalaman/shellcheck/releases/download/v0.11.0/shellcheck-v0.11.0.linux.x86_64.tar.xz"
url_api = "https://api.github.com/repos/koalaman/shellcheck/releases/assets/279056942"

[tools.shellcheck."platforms.macos-arm64"]
checksum = "sha256:56affdd8de5527894dca6dc3d7e0a99a873b0f004d7aabc30ae407d3f48b0a79"
url = "https://github.com/koalaman/shellcheck/releases/download/v0.11.0/shellcheck-v0.11.0.darwin.aarch64.tar.xz"
url_api = "https://api.github.com/repos/koalaman/shellcheck/releases/assets/279056932"

[[tools.tombi]]
version = "1.2.4"
backend = "aqua:tombi-toml/tombi"

[tools.tombi."platforms.linux-x64"]
checksum = "sha256:a74364d9c27835cefd9d7d9e4fee0487a7f68bc5289650e61050d6b0c395dc4d"
url = "https://github.com/tombi-toml/tombi/releases/download/v1.2.4/tombi-cli-1.2.4-x86_64-unknown-linux-musl.tar.gz"
url_api = "https://api.github.com/repos/tombi-toml/tombi/releases/assets/482325758"
provenance = "github-attestations"

[tools.tombi."platforms.macos-arm64"]
checksum = "sha256:f05da8a5e619e156057e2e13c452437ac45b0865d73cf371b99763b1b539612b"
url = "https://github.com/tombi-toml/tombi/releases/download/v1.2.4/tombi-cli-1.2.4-aarch64-apple-darwin.tar.gz"
url_api = "https://api.github.com/repos/tombi-toml/tombi/releases/assets/482325748"
provenance = "github-attestations"

[[tools.usage]]
version = "4.0.0"
backend = "aqua:jdx/usage"

[tools.usage."platforms.linux-x64"]
checksum = "sha256:3ce4d8d30f27db44f0aa2fe8bd351229e36e8d38b09060b0cadb7e02be57c69e"
url = "https://github.com/jdx/usage/releases/download/v4.0.0/usage-x86_64-unknown-linux-musl.tar.gz"
url_api = "https://api.github.com/repos/jdx/usage/releases/assets/489800150"

[tools.usage."platforms.macos-arm64"]
checksum = "sha256:b86b3b96590c40156977906758b92238fab506edcbdc5331f9efb034207e2ab4"
url = "https://github.com/jdx/usage/releases/download/v4.0.0/usage-universal-apple-darwin.tar.gz"
url_api = "https://api.github.com/repos/jdx/usage/releases/assets/489800167"

[[tools.uv]]
version = "0.11.32"
backend = "aqua:astral-sh/uv"

[tools.uv."platforms.linux-x64"]
checksum = "sha256:1fd052f196108d87e61fc3d98fe06b4ec758c9a1eb1466a6fd1a436fe45885f2"
url = "https://github.com/astral-sh/uv/releases/download/0.11.32/uv-x86_64-unknown-linux-musl.tar.gz"
url_api = "https://api.github.com/repos/astral-sh/uv/releases/assets/487747669"
provenance = "github-attestations"

[tools.uv."platforms.macos-arm64"]
checksum = "sha256:ed336d0ba49db8ef89b2b41fffa372ce63bd032f22a56f001c265891aec32829"
url = "https://github.com/astral-sh/uv/releases/download/0.11.32/uv-aarch64-apple-darwin.tar.gz"
url_api = "https://api.github.com/repos/astral-sh/uv/releases/assets/487747526"
provenance = "github-attestations"
