# @generated - this file is auto-generated by `mise lock` https://mise.en.dev/dev-tools/mise-lock.html

[[tools.biome]]
version = "2.5.0"
backend = "aqua:biomejs/biome"

[tools.biome."platforms.linux-x64"]
checksum = "sha256:e7df298f0551dd90bea4425779369aa3130d9817f4acc4f663ef63c327206a19"
url = "https://github.com/biomejs/biome/releases/download/%40biomejs/biome%402.5.0/biome-linux-x64"
provenance = "github-attestations"

[tools.biome."platforms.macos-arm64"]
checksum = "sha256:9b9e04f749db6b037b0ad38ba0c5cce63b185a7cc3b049e577dad3c18f4adb2c"
url = "https://github.com/biomejs/biome/releases/download/%40biomejs/biome%402.5.0/biome-darwin-arm64"
provenance = "github-attestations"

[[tools."github:huacnlee/autocorrect"]]
version = "2.16.3"
backend = "github:huacnlee/autocorrect"

[tools."github:huacnlee/autocorrect"."platforms.linux-x64"]
checksum = "sha256:9bef6fef5f30d6cfa2e5399ffc990672621ee8ea699d4feea75830264ed7a32e"
url = "https://github.com/huacnlee/autocorrect/releases/download/v2.16.3/autocorrect-linux-amd64.tar.gz"
url_api = "https://api.github.com/repos/huacnlee/autocorrect/releases/assets/335756983"

[tools."github:huacnlee/autocorrect"."platforms.macos-arm64"]
checksum = "sha256:a911efe0640a78c4d95779a81d4f57b4b745c3e77052c9f147b906d4a9b6dcaa"
url = "https://github.com/huacnlee/autocorrect/releases/download/v2.16.3/autocorrect-darwin-arm64.tar.gz"
url_api = "https://api.github.com/repos/huacnlee/autocorrect/releases/assets/335756985"

[[tools."github:runkids/skillshare"]]
version = "0.20.20"
backend = "github:runkids/skillshare"

[tools."github:runkids/skillshare"."platforms.linux-x64"]
checksum = "sha256:2224082c20f36a4830257856c3934dab47e81d18d575d0a02b0d6448216b2c32"
url = "https://github.com/runkids/skillshare/releases/download/v0.20.20/skillshare_0.20.20_linux_amd64.tar.gz"
url_api = "https://api.github.com/repos/runkids/skillshare/releases/assets/451406697"

[tools."github:runkids/skillshare"."platforms.macos-arm64"]
checksum = "sha256:15dcd45061d270b7569df11a04895139e60e3ad9ba93aa46dcdd3fc222fb33c3"
url = "https://github.com/runkids/skillshare/releases/download/v0.20.20/skillshare_0.20.20_darwin_arm64.tar.gz"
url_api = "https://api.github.com/repos/runkids/skillshare/releases/assets/451406699"

[[tools.gum]]
version = "0.17.0"
backend = "aqua:charmbracelet/gum"

[tools.gum."platforms.linux-x64"]
checksum = "sha256:69ee169bd6387331928864e94d47ed01ef649fbfe875baed1bbf27b5377a6fdb"
url = "https://github.com/charmbracelet/gum/releases/download/v0.17.0/gum_0.17.0_Linux_x86_64.tar.gz"

[tools.gum."platforms.macos-arm64"]
checksum = "sha256:e2a4b8596efa05821d8c58d0c1afbcd7ad1699ba69c689cc3ff23a4a99c8b237"
url = "https://github.com/charmbracelet/gum/releases/download/v0.17.0/gum_0.17.0_Darwin_arm64.tar.gz"

[[tools.jq]]
version = "1.8.2"
backend = "aqua:jqlang/jq"

[tools.jq."platforms.linux-x64"]
checksum = "sha256:b1c22172dd303f3be49e935aa56aa48a8b7a46e0bc838b4997d3bb451495870f"
url = "https://github.com/jqlang/jq/releases/download/jq-1.8.2/jq-linux-amd64"
provenance = "github-attestations"

[tools.jq."platforms.macos-arm64"]
checksum = "sha256:2d75340ba57a4b4b4c8708a21c2dc8e958a48aaa8bba13b27f77f6e4c0eca07e"
url = "https://github.com/jqlang/jq/releases/download/jq-1.8.2/jq-macos-arm64"
provenance = "github-attestations"

[[tools.ls-lint]]
version = "2.3.1"
backend = "aqua:loeffel-io/ls-lint"

[tools.ls-lint."platforms.linux-x64"]
checksum = "sha256:b5a0d2e4427ad039fbc574551f17679f38f142b25d15e0e538769f8cf15af397"
url = "https://github.com/loeffel-io/ls-lint/releases/download/v2.3.1/ls-lint-linux-amd64"

[tools.ls-lint."platforms.macos-arm64"]
checksum = "sha256:e4ed2ce2b7b61d6685769e34c6375ccecb14a3f00ee59438cf82d01d6236a3c4"
url = "https://github.com/loeffel-io/ls-lint/releases/download/v2.3.1/ls-lint-darwin-arm64"

[[tools.markdownlint-cli2]]
version = "0.22.1"
backend = "npm:markdownlint-cli2"

[[tools.prek]]
version = "0.4.5"
backend = "aqua:j178/prek"

[tools.prek."platforms.linux-x64"]
checksum = "sha256:94698d1cd74e7b462a017257efeab6f46142f4fb3da9a1314f06c1d55c26d614"
url = "https://github.com/j178/prek/releases/download/v0.4.5/prek-x86_64-unknown-linux-musl.tar.gz"
provenance = "github-attestations"

[tools.prek."platforms.macos-arm64"]
checksum = "sha256:ed4920762f0e3db07163c437af622a1d4905e1ad7053692a495551b9ce92549f"
url = "https://github.com/j178/prek/releases/download/v0.4.5/prek-aarch64-apple-darwin.tar.gz"
provenance = "github-attestations"

[[tools.python]]
version = "3.14.6"
backend = "core:python"

[tools.python."platforms.linux-x64"]
checksum = "sha256:0881fbde2c78605720fb2e240d1a6df38652a896e40a5fce2e10908dbee5f5b7"
url = "https://github.com/astral-sh/python-build-standalone/releases/download/20260610/cpython-3.14.6+20260610-x86_64-unknown-linux-gnu-install_only_stripped.tar.gz"
provenance = "github-attestations"

[tools.python."platforms.macos-arm64"]
checksum = "sha256:875516e13be36296f8f7dd0972b22ba3bed069ed08d27d5f0069caf227522921"
url = "https://github.com/astral-sh/python-build-standalone/releases/download/20260610/cpython-3.14.6+20260610-aarch64-apple-darwin-install_only_stripped.tar.gz"
provenance = "github-attestations"

[[tools.shellcheck]]
version = "0.11.0"
backend = "aqua:koalaman/shellcheck"

[tools.shellcheck."platforms.linux-x64"]
checksum = "sha256:8c3be12b05d5c177a04c29e3c78ce89ac86f1595681cab149b65b97c4e227198"
url = "https://github.com/koalaman/shellcheck/releases/download/v0.11.0/shellcheck-v0.11.0.linux.x86_64.tar.xz"

[tools.shellcheck."platforms.macos-arm64"]
checksum = "sha256:56affdd8de5527894dca6dc3d7e0a99a873b0f004d7aabc30ae407d3f48b0a79"
url = "https://github.com/koalaman/shellcheck/releases/download/v0.11.0/shellcheck-v0.11.0.darwin.aarch64.tar.xz"

[[tools.tombi]]
version = "1.1.3"
backend = "aqua:tombi-toml/tombi"

[tools.tombi."platforms.linux-x64"]
checksum = "sha256:6f1490c46b82c04b50fc54b0fc835171d3c0bf45e180c1daf2491b217567effe"
url = "https://github.com/tombi-toml/tombi/releases/download/v1.1.3/tombi-cli-1.1.3-x86_64-unknown-linux-musl.tar.gz"

[tools.tombi."platforms.macos-arm64"]
checksum = "sha256:38f262c8d1a703b70181f6339fad1c61264a7f15c07c04e73c11b4094fb113eb"
url = "https://github.com/tombi-toml/tombi/releases/download/v1.1.3/tombi-cli-1.1.3-aarch64-apple-darwin.tar.gz"

[[tools.usage]]
version = "3.5.2"
backend = "aqua:jdx/usage"

[tools.usage."platforms.linux-x64"]
checksum = "sha256:be7d66c000940a604001fc0dbe2e340ade00d949b46ae41a434853c1873d7f1d"
url = "https://github.com/jdx/usage/releases/download/v3.5.2/usage-x86_64-unknown-linux-musl.tar.gz"

[tools.usage."platforms.macos-arm64"]
checksum = "sha256:e2a6380f037cdf25f4b355d1ae2387bef12c2b624b7901d284d42a57d12212e6"
url = "https://github.com/jdx/usage/releases/download/v3.5.2/usage-universal-apple-darwin.tar.gz"

[[tools.uv]]
version = "0.11.23"
backend = "aqua:astral-sh/uv"

[tools.uv."platforms.linux-x64"]
checksum = "sha256:6be47081100ff1ce0ac7e85ba2ac12e32f2ffa6f946d78bf7f24ee9ce3a46181"
url = "https://github.com/astral-sh/uv/releases/download/0.11.23/uv-x86_64-unknown-linux-musl.tar.gz"
provenance = "github-attestations"

[tools.uv."platforms.macos-arm64"]
checksum = "sha256:71ef9de85db820749b3b12b7585624ee279e9c5afcbc6f8236bc3d628c4305b0"
url = "https://github.com/astral-sh/uv/releases/download/0.11.23/uv-aarch64-apple-darwin.tar.gz"
provenance = "github-attestations"
